github.com/erjillsison/testgo v0.5.2 h1:KSKBoQHLEYEFM4Yor9aRcNJNJmWDERRSDNj1XwSmdM0=
github.com/erjillsison/testgo v0.5.2/go.mod h1:FJWxx9Lujtmcgc1bNunwE022yp2qDagA5eQGpFZ+Mrw=
github.com/erjillsison/testgo v0.5.3 h1:YY3n8kmTQ3OrPBipCIlHeYZRN4r6S2aWbl1jTpGcbu4=
github.com/erjillsison/testgo v0.5.3/go.mod h1:FJWxx9Lujtmcgc1bNunwE022yp2qDagA5eQGpFZ+Mrw=
